// !$*UTF8*$!
{
	archiveVersion = 1;
	classes = {
	};
	objectVersion = 56;
	objects = {

/* Begin PBXBuildFile section */
		1276E3622B7ACD74002CBACB /* AsthmaguardApp.swift in Sources */ = {isa = PBXBuildFile; fileRef = 1276E3612B7ACD74002CBACB /* AsthmaguardApp.swift */; };
		1276E3642B7ACD74002CBACB /* ContentView.swift in Sources */ = {isa = PBXBuildFile; fileRef = 1276E3632B7ACD74002CBACB /* ContentView.swift */; };
		1276E3662B7ACD76002CBACB /* Assets.xcassets in Resources */ = {isa = PBXBuildFile; fileRef = 1276E3652B7ACD76002CBACB /* Assets.xcassets */; };
		1276E3692B7ACD76002CBACB /* Preview Assets.xcassets in Resources */ = {isa = PBXBuildFile; fileRef = 1276E3682B7ACD76002CBACB /* Preview Assets.xcassets */; };
		1276E3742B7ACEE3002CBACB /* LoginViewModel.swift in Sources */ = {isa = PBXBuildFile; fileRef = 1276E3732B7ACEE3002CBACB /* LoginViewModel.swift */; };
		1276E3762B7ACF56002CBACB /* LoginScreen.swift in Sources */ = {isa = PBXBuildFile; fileRef = 1276E3752B7ACF56002CBACB /* LoginScreen.swift */; };
/* End PBXBuildFile section */

/* Begin PBXFileReference section */
		1276E35E2B7ACD74002CBACB /* Asthmaguard.app */ = {isa = PBXFileReference; explicitFileType = wrapper.application; includeInIndex = 0; path = Asthmaguard.app; sourceTree = BUILT_PRODUCTS_DIR; };
		1276E3612B7ACD74002CBACB /* AsthmaguardApp.swift */ = {isa = PBXFileReference; lastKnownFileType = sourcecode.swift; path = AsthmaguardApp.swift; sourceTree = "<group>"; };
		1276E3632B7ACD74002CBACB /* ContentView.swift */ = {isa = PBXFileReference; lastKnownFileType = sourcecode.swift; path = ContentView.swift; sourceTree = "<group>"; };
		1276E3652B7ACD76002CBACB /* Assets.xcassets */ = {isa = PBXFileReference; lastKnownFileType = folder.assetcatalog; path = Assets.xcassets; sourceTree = "<group>"; };
		1276E3682B7ACD76002CBACB /* Preview Assets.xcassets */ = {isa = PBXFileReference; lastKnownFileType = folder.assetcatalog; path = "Preview Assets.xcassets"; sourceTree = "<group>"; };
		1276E3732B7ACEE3002CBACB /* LoginViewModel.swift */ = {isa = PBXFileReference; lastKnownFileType = sourcecode.swift; path = LoginViewModel.swift; sourceTree = "<group>"; };
		1276E3752B7ACF56002CBACB /* LoginScreen.swift */ = {isa = PBXFileReference; lastKnownFileType = sourcecode.swift; path = LoginScreen.swift; sourceTree = "<group>"; };
/* End PBXFileReference section */

/* Begin PBXFrameworksBuildPhase section */
		1276E35B2B7ACD74002CBACB /* Frameworks */ = {
			isa = PBXFrameworksBuildPhase;
			buildActionMask = 2147483647;
			files = (
			);
			runOnlyForDeploymentPostprocessing = 0;
		};
/* End PBXFrameworksBuildPhase section */

/* Begin PBXGroup section */
		1276E3552B7ACD74002CBACB = {
			isa = PBXGroup;
			children = (
				1276E3602B7ACD74002CBACB /* Asthmaguard */,
				1276E35F2B7ACD74002CBACB /* Products */,
			);
			sourceTree = "<group>";
		};
		1276E35F2B7ACD74002CBACB /* Products */ = {
			isa = PBXGroup;
			children = (
				1276E35E2B7ACD74002CBACB /* Asthmaguard.app */,
			);
			name = Products;
			sourceTree = "<group>";
		};
		1276E3602B7ACD74002CBACB /* Asthmaguard */ = {
			isa = PBXGroup;
			children = (
				1276E37B2B7AD141002CBACB /* Features */,
				1276E3722B7ACD99002CBACB /* Business */,
				1276E3702B7ACD8F002CBACB /* Data */,
				1276E36F2B7ACD87002CBACB /* Presentation */,
				1276E3612B7ACD74002CBACB /* AsthmaguardApp.swift */,
				1276E3632B7ACD74002CBACB /* ContentView.swift */,
				1276E3652B7ACD76002CBACB /* Assets.xcassets */,
				1276E3672B7ACD76002CBACB /* Preview Content */,
			);
			path = Asthmaguard;
			sourceTree = "<group>";
		};
		1276E3672B7ACD76002CBACB /* Preview Content */ = {
			isa = PBXGroup;
			children = (
				1276E3682B7ACD76002CBACB /* Preview Assets.xcassets */,
			);
			path = "Preview Content";
			sourceTree = "<group>";
		};
		1276E36F2B7ACD87002CBACB /* Presentation */ = {
			isa = PBXGroup;
			children = (
			);
			path = Presentation;
			sourceTree = "<group>";
		};
		1276E3702B7ACD8F002CBACB /* Data */ = {
			isa = PBXGroup;
			children = (
			);
			path = Data;
			sourceTree = "<group>";
		};
		1276E3722B7ACD99002CBACB /* Business */ = {
			isa = PBXGroup;
			children = (
			);
			path = Business;
			sourceTree = "<group>";
		};
		1276E3772B7AD106002CBACB /* Login */ = {
			isa = PBXGroup;
			children = (
				1276E37A2B7AD120002CBACB /* ViewModels */,
				1276E3792B7AD118002CBACB /* Views */,
				1276E3782B7AD10F002CBACB /* Models */,
			);
			path = Login;
			sourceTree = "<group>";
		};
		1276E3782B7AD10F002CBACB /* Models */ = {
			isa = PBXGroup;
			children = (
			);
			path = Models;
			sourceTree = "<group>";
		};
		1276E3792B7AD118002CBACB /* Views */ = {
			isa = PBXGroup;
			children = (
				1276E3752B7ACF56002CBACB /* LoginScreen.swift */,
			);
			path = Views;
			sourceTree = "<group>";
		};
		1276E37A2B7AD120002CBACB /* ViewModels */ = {
			isa = PBXGroup;
			children = (
				1276E3732B7ACEE3002CBACB /* LoginViewModel.swift */,
			);
			path = ViewModels;
			sourceTree = "<group>";
		};
		1276E37B2B7AD141002CBACB /* Features */ = {
			isa = PBXGroup;
			children = (
				1276E37D2B7AD156002CBACB /* Common */,
				1276E37C2B7AD149002CBACB /* Register */,
				1276E3772B7AD106002CBACB /* Login */,
			);
			path = Features;
			sourceTree = "<group>";
		};
		1276E37C2B7AD149002CBACB /* Register */ = {
			isa = PBXGroup;
			children = (
			);
			path = Register;
			sourceTree = "<group>";
		};
		1276E37D2B7AD156002CBACB /* Common */ = {
			isa = PBXGroup;
			children = (
			);
			path = Common;
			sourceTree = "<group>";
		};
/* End PBXGroup section */

/* Begin PBXNativeTarget section */
		1276E35D2B7ACD74002CBACB /* Asthmaguard */ = {
			isa = PBXNativeTarget;
			buildConfigurationList = 1276E36C2B7ACD76002CBACB /* Build configuration list for PBXNativeTarget "Asthmaguard" */;
			buildPhases = (
				1276E35A2B7ACD74002CBACB /* Sources */,
				1276E35B2B7ACD74002CBACB /* Frameworks */,
				1276E35C2B7ACD74002CBACB /* Resources */,
			);
			buildRules = (
			);
			dependencies = (
			);
			name = Asthmaguard;
			productName = Asthmaguard;
			productReference = 1276E35E2B7ACD74002CBACB /* Asthmaguard.app */;
			productType = "com.apple.product-type.application";
		};
/* End PBXNativeTarget section */

/* Begin PBXProject section */
		1276E3562B7ACD74002CBACB /* Project object */ = {
			isa = PBXProject;
			attributes = {
				BuildIndependentTargetsInParallel = 1;
				LastSwiftUpdateCheck = 1420;
				LastUpgradeCheck = 1420;
				TargetAttributes = {
					1276E35D2B7ACD74002CBACB = {
						CreatedOnToolsVersion = 14.2;
					};
				};
			};
			buildConfigurationList = 1276E3592B7ACD74002CBACB /* Build configuration list for PBXProject "Asthmaguard" */;
			compatibilityVersion = "Xcode 14.0";
			developmentRegion = en;
			hasScannedForEncodings = 0;
			knownRegions = (
				en,
				Base,
			);
			mainGroup = 1276E3552B7ACD74002CBACB;
			productRefGroup = 1276E35F2B7ACD74002CBACB /* Products */;
			projectDirPath = "";
			projectRoot = "";
			targets = (
				1276E35D2B7ACD74002CBACB /* Asthmaguard */,
			);
		};
/* End PBXProject section */

/* Begin PBXResourcesBuildPhase section */
		1276E35C2B7ACD74002CBACB /* Resources */ = {
			isa = PBXResourcesBuildPhase;
			buildActionMask = 2147483647;
			files = (
				1276E3692B7ACD76002CBACB /* Preview Assets.xcassets in Resources */,
				1276E3662B7ACD76002CBACB /* Assets.xcassets in Resources */,
			);
			runOnlyForDeploymentPostprocessing = 0;
		};
/* End PBXResourcesBuildPhase section */

/* Begin PBXSourcesBuildPhase section */
		1276E35A2B7ACD74002CBACB /* Sources */ = {
			isa = PBXSourcesBuildPhase;
			buildActionMask = 2147483647;
			files = (
				1276E3642B7ACD74002CBACB /* ContentView.swift in Sources */,
				1276E3762B7ACF56002CBACB /* LoginScreen.swift in Sources */,
				1276E3742B7ACEE3002CBACB /* LoginViewModel.swift in Sources */,
				1276E3622B7ACD74002CBACB /* AsthmaguardApp.swift in Sources */,
			);
			runOnlyForDeploymentPostprocessing = 0;
		};
/* End PBXSourcesBuildPhase section */

/* Begin XCBuildConfiguration section */
		1276E36A2B7ACD76002CBACB /* Debug */ = {
			isa = XCBuildConfiguration;
			buildSettings = {
				ALWAYS_SEARCH_USER_PATHS = NO;
				CLANG_ANALYZER_NONNULL = YES;
				CLANG_ANALYZER_NUMBER_OBJECT_CONVERSION = YES_AGGRESSIVE;
				CLANG_CXX_LANGUAGE_STANDARD = "gnu++20";
				CLANG_ENABLE_MODULES = YES;
				CLANG_ENABLE_OBJC_ARC = YES;
				CLANG_ENABLE_OBJC_WEAK = YES;
				CLANG_WARN_BLOCK_CAPTURE_AUTORELEASING = YES;
				CLANG_WARN_BOOL_CONVERSION = YES;
				CLANG_WARN_COMMA = YES;
				CLANG_WARN_CONSTANT_CONVERSION = YES;
				CLANG_WARN_DEPRECATED_OBJC_IMPLEMENTATIONS = YES;
				CLANG_WARN_DIRECT_OBJC_ISA_USAGE = YES_ERROR;
				CLANG_WARN_DOCUMENTATION_COMMENTS = YES;
				CLANG_WARN_EMPTY_BODY = YES;
				CLANG_WARN_ENUM_CONVERSION = YES;
				CLANG_WARN_INFINITE_RECURSION = YES;
				CLANG_WARN_INT_CONVERSION = YES;
				CLANG_WARN_NON_LITERAL_NULL_CONVERSION = YES;
				CLANG_WARN_OBJC_IMPLICIT_RETAIN_SELF = YES;
				CLANG_WARN_OBJC_LITERAL_CONVERSION = YES;
				CLANG_WARN_OBJC_ROOT_CLASS = YES_ERROR;
				CLANG_WARN_QUOTED_INCLUDE_IN_FRAMEWORK_HEADER = YES;
				CLANG_WARN_RANGE_LOOP_ANALYSIS = YES;
				CLANG_WARN_STRICT_PROTOTYPES = YES;
				CLANG_WARN_SUSPICIOUS_MOVE = YES;
				CLANG_WARN_UNGUARDED_AVAILABILITY = YES_AGGRESSIVE;
				CLANG_WARN_UNREACHABLE_CODE = YES;
				CLANG_WARN__DUPLICATE_METHOD_MATCH = YES;
				COPY_PHASE_STRIP = NO;
				DEBUG_INFORMATION_FORMAT = dwarf;
				ENABLE_STRICT_OBJC_MSGSEND = YES;
				ENABLE_TESTABILITY = YES;
				GCC_C_LANGUAGE_STANDARD = gnu11;
				GCC_DYNAMIC_NO_PIC = NO;
				GCC_NO_COMMON_BLOCKS = YES;
				GCC_OPTIMIZATION_LEVEL = 0;
				GCC_PREPROCESSOR_DEFINITIONS = (
					"DEBUG=1",
					"$(inherited)",
				);
				GCC_WARN_64_TO_32_BIT_CONVERSION = YES;
				GCC_WARN_ABOUT_RETURN_TYPE = YES_ERROR;
				GCC_WARN_UNDECLARED_SELECTOR = YES;
				GCC_WARN_UNINITIALIZED_AUTOS = YES_AGGRESSIVE;
				GCC_WARN_UNUSED_FUNCTION = YES;
				GCC_WARN_UNUSED_VARIABLE = YES;
				IPHONEOS_DEPLOYMENT_TARGET = 16.2;
				MTL_ENABLE_DEBUG_INFO = INCLUDE_SOURCE;
				MTL_FAST_MATH = YES;
				ONLY_ACTIVE_ARCH = YES;
				SDKROOT = iphoneos;
				SWIFT_ACTIVE_COMPILATION_CONDITIONS = DEBUG;
				SWIFT_OPTIMIZATION_LEVEL = "-Onone";
			};
			name = Debug;
		};
		1276E36B2B7ACD76002CBACB /* Release */ = {
			isa = XCBuildConfiguration;
			buildSettings = {
				ALWAYS_SEARCH_USER_PATHS = NO;
				CLANG_ANALYZER_NONNULL = YES;
				CLANG_ANALYZER_NUMBER_OBJECT_CONVERSION = YES_AGGRESSIVE;
				CLANG_CXX_LANGUAGE_STANDARD = "gnu++20";
				CLANG_ENABLE_MODULES = YES;
				CLANG_ENABLE_OBJC_ARC = YES;
				CLANG_ENABLE_OBJC_WEAK = YES;
				CLANG_WARN_BLOCK_CAPTURE_AUTORELEASING = YES;
				CLANG_WARN_BOOL_CONVERSION = YES;
				CLANG_WARN_COMMA = YES;
				CLANG_WARN_CONSTANT_CONVERSION = YES;
				CLANG_WARN_DEPRECATED_OBJC_IMPLEMENTATIONS = YES;
				CLANG_WARN_DIRECT_OBJC_ISA_USAGE = YES_ERROR;
				CLANG_WARN_DOCUMENTATION_COMMENTS = YES;
				CLANG_WARN_EMPTY_BODY = YES;
				CLANG_WARN_ENUM_CONVERSION = YES;
				CLANG_WARN_INFINITE_RECURSION = YES;
				CLANG_WARN_INT_CONVERSION = YES;
				CLANG_WARN_NON_LITERAL_NULL_CONVERSION = YES;
				CLANG_WARN_OBJC_IMPLICIT_RETAIN_SELF = YES;
				CLANG_WARN_OBJC_LITERAL_CONVERSION = YES;
				CLANG_WARN_OBJC_ROOT_CLASS = YES_ERROR;
				CLANG_WARN_QUOTED_INCLUDE_IN_FRAMEWORK_HEADER = YES;
				CLANG_WARN_RANGE_LOOP_ANALYSIS = YES;
				CLANG_WARN_STRICT_PROTOTYPES = YES;
				CLANG_WARN_SUSPICIOUS_MOVE = YES;
				CLANG_WARN_UNGUARDED_AVAILABILITY = YES_AGGRESSIVE;
				CLANG_WARN_UNREACHABLE_CODE = YES;
				CLANG_WARN__DUPLICATE_METHOD_MATCH = YES;
				COPY_PHASE_STRIP = NO;
				DEBUG_INFORMATION_FORMAT = "dwarf-with-dsym";
				ENABLE_NS_ASSERTIONS = NO;
				ENABLE_STRICT_OBJC_MSGSEND = YES;
				GCC_C_LANGUAGE_STANDARD = gnu11;
				GCC_NO_COMMON_BLOCKS = YES;
				GCC_WARN_64_TO_32_BIT_CONVERSION = YES;
				GCC_WARN_ABOUT_RETURN_TYPE = YES_ERROR;
				GCC_WARN_UNDECLARED_SELECTOR = YES;
				GCC_WARN_UNINITIALIZED_AUTOS = YES_AGGRESSIVE;
				GCC_WARN_UNUSED_FUNCTION = YES;
				GCC_WARN_UNUSED_VARIABLE = YES;
				IPHONEOS_DEPLOYMENT_TARGET = 16.2;
				MTL_ENABLE_DEBUG_INFO = NO;
				MTL_FAST_MATH = YES;
				SDKROOT = iphoneos;
				SWIFT_COMPILATION_MODE = wholemodule;
				SWIFT_OPTIMIZATION_LEVEL = "-O";
				VALIDATE_PRODUCT = YES;
			};
			name = Release;
		};
		1276E36D2B7ACD76002CBACB /* Debug */ = {
			isa = XCBuildConfiguration;
			buildSettings = {
				ASSETCATALOG_COMPILER_APPICON_NAME = AppIcon;
				ASSETCATALOG_COMPILER_GLOBAL_ACCENT_COLOR_NAME = AccentColor;
				CODE_SIGN_STYLE = Automatic;
				CURRENT_PROJECT_VERSION = 1;
				DEVELOPMENT_ASSET_PATHS = "\"Asthmaguard/Preview Content\"";
				DEVELOPMENT_TEAM = PW6U8F3M2Z;
				ENABLE_PREVIEWS = YES;
				GENERATE_INFOPLIST_FILE = YES;
				INFOPLIST_KEY_UIApplicationSceneManifest_Generation = YES;
				INFOPLIST_KEY_UIApplicationSupportsIndirectInputEvents = YES;
				INFOPLIST_KEY_UILaunchScreen_Generation = YES;
				INFOPLIST_KEY_UISupportedInterfaceOrientations_iPad = "UIInterfaceOrientationPortrait UIInterfaceOrientationPortraitUpsideDown UIInterfaceOrientationLandscapeLeft UIInterfaceOrientationLandscapeRight";
				INFOPLIST_KEY_UISupportedInterfaceOrientations_iPhone = "UIInterfaceOrientationPortrait UIInterfaceOrientationLandscapeLeft UIInterfaceOrientationLandscapeRight";
				IPHONEOS_DEPLOYMENT_TARGET = 16.0;
				LD_RUNPATH_SEARCH_PATHS = (
					"$(inherited)",
					"@executable_path/Frameworks",
				);
				MARKETING_VERSION = 1.0;
				PRODUCT_BUNDLE_IDENTIFIER = sadlye.Asthmaguard;
				PRODUCT_NAME = "$(TARGET_NAME)";
				SWIFT_EMIT_LOC_STRINGS = YES;
				SWIFT_VERSION = 5.0;
				TARGETED_DEVICE_FAMILY = "1,2";
			};
			name = Debug;
		};
		1276E36E2B7ACD76002CBACB /* Release */ = {
			isa = XCBuildConfiguration;
			buildSettings = {
				ASSETCATALOG_COMPILER_APPICON_NAME = AppIcon;
				ASSETCATALOG_COMPILER_GLOBAL_ACCENT_COLOR_NAME = AccentColor;
				CODE_SIGN_STYLE = Automatic;
				CURRENT_PROJECT_VERSION = 1;
				DEVELOPMENT_ASSET_PATHS = "\"Asthmaguard/Preview Content\"";
				DEVELOPMENT_TEAM = PW6U8F3M2Z;
				ENABLE_PREVIEWS = YES;
				GENERATE_INFOPLIST_FILE = YES;
				INFOPLIST_KEY_UIApplicationSceneManifest_Generation = YES;
				INFOPLIST_KEY_UIApplicationSupportsIndirectInputEvents = YES;
				INFOPLIST_KEY_UILaunchScreen_Generation = YES;
				INFOPLIST_KEY_UISupportedInterfaceOrientations_iPad = "UIInterfaceOrientationPortrait UIInterfaceOrientationPortraitUpsideDown UIInterfaceOrientationLandscapeLeft UIInterfaceOrientationLandscapeRight";
				INFOPLIST_KEY_UISupportedInterfaceOrientations_iPhone = "UIInterfaceOrientationPortrait UIInterfaceOrientationLandscapeLeft UIInterfaceOrientationLandscapeRight";
				IPHONEOS_DEPLOYMENT_TARGET = 16.0;
				LD_RUNPATH_SEARCH_PATHS = (
					"$(inherited)",
					"@executable_path/Frameworks",
				);
				MARKETING_VERSION = 1.0;
				PRODUCT_BUNDLE_IDENTIFIER = sadlye.Asthmaguard;
				PRODUCT_NAME = "$(TARGET_NAME)";
				SWIFT_EMIT_LOC_STRINGS = YES;
				SWIFT_VERSION = 5.0;
				TARGETED_DEVICE_FAMILY = "1,2";
			};
			name = Release;
		};
/* End XCBuildConfiguration section */

/* Begin XCConfigurationList section */
		1276E3592B7ACD74002CBACB /* Build configuration list for PBXProject "Asthmaguard" */ = {
			isa = XCConfigurationList;
			buildConfigurations = (
				1276E36A2B7ACD76002CBACB /* Debug */,
				1276E36B2B7ACD76002CBACB /* Release */,
			);
			defaultConfigurationIsVisible = 0;
			defaultConfigurationName = Release;
		};
		1276E36C2B7ACD76002CBACB /* Build configuration list for PBXNativeTarget "Asthmaguard" */ = {
			isa = XCConfigurationList;
			buildConfigurations = (
				1276E36D2B7ACD76002CBACB /* Debug */,
				1276E36E2B7ACD76002CBACB /* Release */,
			);
			defaultConfigurationIsVisible = 0;
			defaultConfigurationName = Release;
		};
/* End XCConfigurationList section */
	};
	rootObject = 1276E3562B7ACD74002CBACB /* Project object */;
}
