// !$*UTF8*$!
{
	archiveVersion = 1;
	classes = {
	};
	objectVersion = 56;
	objects = {

/* Begin PBXBuildFile section */
		121A50D72BBA364500198997 /* BreathingExerciseScreen.swift in Sources */ = {isa = PBXBuildFile; fileRef = 121A50D62BBA364500198997 /* BreathingExerciseScreen.swift */; };
		121A50D92BBA401600198997 /* CustomTabView.swift in Sources */ = {isa = PBXBuildFile; fileRef = 121A50D82BBA401600198997 /* CustomTabView.swift */; };
		121BAD272BDF97E5009E83A9 /* BioSignalData.swift in Sources */ = {isa = PBXBuildFile; fileRef = 121BAD262BDF97E5009E83A9 /* BioSignalData.swift */; };
		1236025A2BD70CD000A2C657 /* APIManager.swift in Sources */ = {isa = PBXBuildFile; fileRef = 123602592BD70CCF00A2C657 /* APIManager.swift */; };
		1236025C2BD8E1A700A2C657 /* DatabaseSetUp.swift in Sources */ = {isa = PBXBuildFile; fileRef = 1236025B2BD8E1A700A2C657 /* DatabaseSetUp.swift */; };
		123912F02B95B0E3009BD42C /* Poppins-Regular.ttf in Resources */ = {isa = PBXBuildFile; fileRef = 123912EF2B95B0E3009BD42C /* Poppins-Regular.ttf */; };
		123912F22B95B0F9009BD42C /* Poppins-Bold.ttf in Resources */ = {isa = PBXBuildFile; fileRef = 123912F12B95B0F9009BD42C /* Poppins-Bold.ttf */; };
		123912F92B95BFD8009BD42C /* RegisterScreen.swift in Sources */ = {isa = PBXBuildFile; fileRef = 123912F82B95BFD8009BD42C /* RegisterScreen.swift */; };
		123912FB2B95C197009BD42C /* RegisterViewModel.swift in Sources */ = {isa = PBXBuildFile; fileRef = 123912FA2B95C197009BD42C /* RegisterViewModel.swift */; };
		123912FE2B95C53E009BD42C /* CustomTextField.swift in Sources */ = {isa = PBXBuildFile; fileRef = 123912FD2B95C53E009BD42C /* CustomTextField.swift */; };
		125D34042BF66ADD00057658 /* WeatherKitData.swift in Sources */ = {isa = PBXBuildFile; fileRef = 125D34032BF66ADD00057658 /* WeatherKitData.swift */; };
		125DC0952BE85C6B0098BB1A /* AsthmaThreatCalculator.swift in Sources */ = {isa = PBXBuildFile; fileRef = 125DC0942BE85C6B0098BB1A /* AsthmaThreatCalculator.swift */; };
		125DC0972BE868290098BB1A /* EnviromentalData.swift in Sources */ = {isa = PBXBuildFile; fileRef = 125DC0962BE868290098BB1A /* EnviromentalData.swift */; };
		1267AC2E2BE8DFEB0051FA38 /* HealthDataAnalyzer.swift in Sources */ = {isa = PBXBuildFile; fileRef = 1267AC2D2BE8DFEB0051FA38 /* HealthDataAnalyzer.swift */; };
		126FC2782BA2FFCC00BE1FDD /* CompanionRegisterScreen.swift in Sources */ = {isa = PBXBuildFile; fileRef = 126FC2772BA2FFCC00BE1FDD /* CompanionRegisterScreen.swift */; };
		126FC27A2BA3002100BE1FDD /* CompanionRegisterViewModel.swift in Sources */ = {isa = PBXBuildFile; fileRef = 126FC2792BA3002100BE1FDD /* CompanionRegisterViewModel.swift */; };
		126FC27C2BA30B1B00BE1FDD /* DashboardView.swift in Sources */ = {isa = PBXBuildFile; fileRef = 126FC27B2BA30B1B00BE1FDD /* DashboardView.swift */; };
		1276E3622B7ACD74002CBACB /* AsthmaguardApp.swift in Sources */ = {isa = PBXBuildFile; fileRef = 1276E3612B7ACD74002CBACB /* AsthmaguardApp.swift */; };
		1276E3642B7ACD74002CBACB /* ContentView.swift in Sources */ = {isa = PBXBuildFile; fileRef = 1276E3632B7ACD74002CBACB /* ContentView.swift */; };
		1276E3662B7ACD76002CBACB /* Assets.xcassets in Resources */ = {isa = PBXBuildFile; fileRef = 1276E3652B7ACD76002CBACB /* Assets.xcassets */; };
		1276E3692B7ACD76002CBACB /* Preview Assets.xcassets in Resources */ = {isa = PBXBuildFile; fileRef = 1276E3682B7ACD76002CBACB /* Preview Assets.xcassets */; };
		1276E3742B7ACEE3002CBACB /* LoginViewModel.swift in Sources */ = {isa = PBXBuildFile; fileRef = 1276E3732B7ACEE3002CBACB /* LoginViewModel.swift */; };
		1276E3762B7ACF56002CBACB /* LoginScreen.swift in Sources */ = {isa = PBXBuildFile; fileRef = 1276E3752B7ACF56002CBACB /* LoginScreen.swift */; };
		1295B2DC2BF944BF0053A4BC /* CompanionLoginScreen.swift in Sources */ = {isa = PBXBuildFile; fileRef = 1295B2DB2BF944BF0053A4BC /* CompanionLoginScreen.swift */; };
		1295B2DE2BF946130053A4BC /* CompanionLoginViewModel.swift in Sources */ = {isa = PBXBuildFile; fileRef = 1295B2DD2BF946130053A4BC /* CompanionLoginViewModel.swift */; };
		1295B2E62BF9D93A0053A4BC /* AsthmaguardTests.swift in Sources */ = {isa = PBXBuildFile; fileRef = 1295B2E52BF9D93A0053A4BC /* AsthmaguardTests.swift */; };
		1295B2ED2BF9DA250053A4BC /* AsthmaThreatCalculatorUseCaseTests.swift in Sources */ = {isa = PBXBuildFile; fileRef = 1295B2EC2BF9DA250053A4BC /* AsthmaThreatCalculatorUseCaseTests.swift */; };
		1295B2EF2BF9DAB00053A4BC /* HealthDataAnalyzerTests.swift in Sources */ = {isa = PBXBuildFile; fileRef = 1295B2EE2BF9DAB00053A4BC /* HealthDataAnalyzerTests.swift */; };
		12BAFE292BA0428E003E7980 /* SurveyView.swift in Sources */ = {isa = PBXBuildFile; fileRef = 12BAFE262BA0428E003E7980 /* SurveyView.swift */; };
		12BAFE2A2BA0428E003E7980 /* SurveyHelper.swift in Sources */ = {isa = PBXBuildFile; fileRef = 12BAFE272BA0428E003E7980 /* SurveyHelper.swift */; };
		12BAFE2B2BA0428E003E7980 /* SurveyModelClass.swift in Sources */ = {isa = PBXBuildFile; fileRef = 12BAFE282BA0428E003E7980 /* SurveyModelClass.swift */; };
		12BAFE2D2BA042A7003E7980 /* SurveyScreen.swift in Sources */ = {isa = PBXBuildFile; fileRef = 12BAFE2C2BA042A7003E7980 /* SurveyScreen.swift */; };
		12C3F7D22BB576C6008B43ED /* CustomBioData.swift in Sources */ = {isa = PBXBuildFile; fileRef = 12C3F7D12BB576C6008B43ED /* CustomBioData.swift */; };
		12E0B08E2BF60E5E003E18D6 /* CompanionDashboardView.swift in Sources */ = {isa = PBXBuildFile; fileRef = 12E0B08D2BF60E5E003E18D6 /* CompanionDashboardView.swift */; };
		12E0B0902BF60EBE003E18D6 /* CompanionSettingScreen.swift in Sources */ = {isa = PBXBuildFile; fileRef = 12E0B08F2BF60EBE003E18D6 /* CompanionSettingScreen.swift */; };
		12E0B0922BF60F89003E18D6 /* AnalyticsView.swift in Sources */ = {isa = PBXBuildFile; fileRef = 12E0B0912BF60F89003E18D6 /* AnalyticsView.swift */; };
		12EAA2DE2BE8C50400C0A1DB /* LocationManager.swift in Sources */ = {isa = PBXBuildFile; fileRef = 12EAA2DD2BE8C50400C0A1DB /* LocationManager.swift */; };
		12EEFB022BB05F61003053AB /* PythonKit in Frameworks */ = {isa = PBXBuildFile; productRef = 12EEFB012BB05F61003053AB /* PythonKit */; };
		12EEFB042BB05FF3003053AB /* SettingsScreen.swift in Sources */ = {isa = PBXBuildFile; fileRef = 12EEFB032BB05FF2003053AB /* SettingsScreen.swift */; };
/* End PBXBuildFile section */

/* Begin PBXContainerItemProxy section */
		1295B2E72BF9D93A0053A4BC /* PBXContainerItemProxy */ = {
			isa = PBXContainerItemProxy;
			containerPortal = 1276E3562B7ACD74002CBACB /* Project object */;
			proxyType = 1;
			remoteGlobalIDString = 1276E35D2B7ACD74002CBACB;
			remoteInfo = Asthmaguard;
		};
/* End PBXContainerItemProxy section */

/* Begin PBXFileReference section */
		121A50D62BBA364500198997 /* BreathingExerciseScreen.swift */ = {isa = PBXFileReference; lastKnownFileType = sourcecode.swift; path = BreathingExerciseScreen.swift; sourceTree = "<group>"; };
		121A50D82BBA401600198997 /* CustomTabView.swift */ = {isa = PBXFileReference; lastKnownFileType = sourcecode.swift; path = CustomTabView.swift; sourceTree = "<group>"; };
		121BAD252BDF9709009E83A9 /* Asthmaguard.entitlements */ = {isa = PBXFileReference; lastKnownFileType = text.plist.entitlements; path = Asthmaguard.entitlements; sourceTree = "<group>"; };
		121BAD262BDF97E5009E83A9 /* BioSignalData.swift */ = {isa = PBXFileReference; lastKnownFileType = sourcecode.swift; path = BioSignalData.swift; sourceTree = "<group>"; };
		123602592BD70CCF00A2C657 /* APIManager.swift */ = {isa = PBXFileReference; lastKnownFileType = sourcecode.swift; path = APIManager.swift; sourceTree = "<group>"; };
		1236025B2BD8E1A700A2C657 /* DatabaseSetUp.swift */ = {isa = PBXFileReference; lastKnownFileType = sourcecode.swift; path = DatabaseSetUp.swift; sourceTree = "<group>"; };
		123912EF2B95B0E3009BD42C /* Poppins-Regular.ttf */ = {isa = PBXFileReference; lastKnownFileType = file; path = "Poppins-Regular.ttf"; sourceTree = "<group>"; };
		123912F12B95B0F9009BD42C /* Poppins-Bold.ttf */ = {isa = PBXFileReference; lastKnownFileType = file; path = "Poppins-Bold.ttf"; sourceTree = "<group>"; };
		123912F52B95B339009BD42C /* Info.plist */ = {isa = PBXFileReference; lastKnownFileType = text.plist; path = Info.plist; sourceTree = "<group>"; };
		123912F82B95BFD8009BD42C /* RegisterScreen.swift */ = {isa = PBXFileReference; lastKnownFileType = sourcecode.swift; path = RegisterScreen.swift; sourceTree = "<group>"; };
		123912FA2B95C197009BD42C /* RegisterViewModel.swift */ = {isa = PBXFileReference; lastKnownFileType = sourcecode.swift; path = RegisterViewModel.swift; sourceTree = "<group>"; };
		123912FD2B95C53E009BD42C /* CustomTextField.swift */ = {isa = PBXFileReference; lastKnownFileType = sourcecode.swift; path = CustomTextField.swift; sourceTree = "<group>"; };
		125D34032BF66ADD00057658 /* WeatherKitData.swift */ = {isa = PBXFileReference; lastKnownFileType = sourcecode.swift; path = WeatherKitData.swift; sourceTree = "<group>"; };
		125DC0942BE85C6B0098BB1A /* AsthmaThreatCalculator.swift */ = {isa = PBXFileReference; lastKnownFileType = sourcecode.swift; path = AsthmaThreatCalculator.swift; sourceTree = "<group>"; };
		125DC0962BE868290098BB1A /* EnviromentalData.swift */ = {isa = PBXFileReference; lastKnownFileType = sourcecode.swift; path = EnviromentalData.swift; sourceTree = "<group>"; };
		1267AC2D2BE8DFEB0051FA38 /* HealthDataAnalyzer.swift */ = {isa = PBXFileReference; lastKnownFileType = sourcecode.swift; path = HealthDataAnalyzer.swift; sourceTree = "<group>"; };
		126FC2772BA2FFCC00BE1FDD /* CompanionRegisterScreen.swift */ = {isa = PBXFileReference; lastKnownFileType = sourcecode.swift; path = CompanionRegisterScreen.swift; sourceTree = "<group>"; };
		126FC2792BA3002100BE1FDD /* CompanionRegisterViewModel.swift */ = {isa = PBXFileReference; lastKnownFileType = sourcecode.swift; path = CompanionRegisterViewModel.swift; sourceTree = "<group>"; };
		126FC27B2BA30B1B00BE1FDD /* DashboardView.swift */ = {isa = PBXFileReference; lastKnownFileType = sourcecode.swift; path = DashboardView.swift; sourceTree = "<group>"; };
		1276E35E2B7ACD74002CBACB /* Asthmaguard.app */ = {isa = PBXFileReference; explicitFileType = wrapper.application; includeInIndex = 0; path = Asthmaguard.app; sourceTree = BUILT_PRODUCTS_DIR; };
		1276E3612B7ACD74002CBACB /* AsthmaguardApp.swift */ = {isa = PBXFileReference; lastKnownFileType = sourcecode.swift; path = AsthmaguardApp.swift; sourceTree = "<group>"; };
		1276E3632B7ACD74002CBACB /* ContentView.swift */ = {isa = PBXFileReference; lastKnownFileType = sourcecode.swift; path = ContentView.swift; sourceTree = "<group>"; };
		1276E3652B7ACD76002CBACB /* Assets.xcassets */ = {isa = PBXFileReference; lastKnownFileType = folder.assetcatalog; path = Assets.xcassets; sourceTree = "<group>"; };
		1276E3682B7ACD76002CBACB /* Preview Assets.xcassets */ = {isa = PBXFileReference; lastKnownFileType = folder.assetcatalog; path = "Preview Assets.xcassets"; sourceTree = "<group>"; };
		1276E3732B7ACEE3002CBACB /* LoginViewModel.swift */ = {isa = PBXFileReference; lastKnownFileType = sourcecode.swift; path = LoginViewModel.swift; sourceTree = "<group>"; };
		1276E3752B7ACF56002CBACB /* LoginScreen.swift */ = {isa = PBXFileReference; lastKnownFileType = sourcecode.swift; path = LoginScreen.swift; sourceTree = "<group>"; };
		1295B2DB2BF944BF0053A4BC /* CompanionLoginScreen.swift */ = {isa = PBXFileReference; lastKnownFileType = sourcecode.swift; path = CompanionLoginScreen.swift; sourceTree = "<group>"; };
		1295B2DD2BF946130053A4BC /* CompanionLoginViewModel.swift */ = {isa = PBXFileReference; lastKnownFileType = sourcecode.swift; path = CompanionLoginViewModel.swift; sourceTree = "<group>"; };
		1295B2E32BF9D93A0053A4BC /* AsthmaguardTests.xctest */ = {isa = PBXFileReference; explicitFileType = wrapper.cfbundle; includeInIndex = 0; path = AsthmaguardTests.xctest; sourceTree = BUILT_PRODUCTS_DIR; };
		1295B2E52BF9D93A0053A4BC /* AsthmaguardTests.swift */ = {isa = PBXFileReference; lastKnownFileType = sourcecode.swift; path = AsthmaguardTests.swift; sourceTree = "<group>"; };
		1295B2EC2BF9DA250053A4BC /* AsthmaThreatCalculatorUseCaseTests.swift */ = {isa = PBXFileReference; lastKnownFileType = sourcecode.swift; path = AsthmaThreatCalculatorUseCaseTests.swift; sourceTree = "<group>"; };
		1295B2EE2BF9DAB00053A4BC /* HealthDataAnalyzerTests.swift */ = {isa = PBXFileReference; lastKnownFileType = sourcecode.swift; path = HealthDataAnalyzerTests.swift; sourceTree = "<group>"; };
		12BAFE262BA0428E003E7980 /* SurveyView.swift */ = {isa = PBXFileReference; fileEncoding = 4; lastKnownFileType = sourcecode.swift; path = SurveyView.swift; sourceTree = "<group>"; };
		12BAFE272BA0428E003E7980 /* SurveyHelper.swift */ = {isa = PBXFileReference; fileEncoding = 4; lastKnownFileType = sourcecode.swift; path = SurveyHelper.swift; sourceTree = "<group>"; };
		12BAFE282BA0428E003E7980 /* SurveyModelClass.swift */ = {isa = PBXFileReference; fileEncoding = 4; lastKnownFileType = sourcecode.swift; path = SurveyModelClass.swift; sourceTree = "<group>"; };
		12BAFE2C2BA042A7003E7980 /* SurveyScreen.swift */ = {isa = PBXFileReference; lastKnownFileType = sourcecode.swift; path = SurveyScreen.swift; sourceTree = "<group>"; };
		12C3F7D12BB576C6008B43ED /* CustomBioData.swift */ = {isa = PBXFileReference; lastKnownFileType = sourcecode.swift; path = CustomBioData.swift; sourceTree = "<group>"; };
		12E0B08D2BF60E5E003E18D6 /* CompanionDashboardView.swift */ = {isa = PBXFileReference; lastKnownFileType = sourcecode.swift; path = CompanionDashboardView.swift; sourceTree = "<group>"; };
		12E0B08F2BF60EBE003E18D6 /* CompanionSettingScreen.swift */ = {isa = PBXFileReference; lastKnownFileType = sourcecode.swift; path = CompanionSettingScreen.swift; sourceTree = "<group>"; };
		12E0B0912BF60F89003E18D6 /* AnalyticsView.swift */ = {isa = PBXFileReference; lastKnownFileType = sourcecode.swift; path = AnalyticsView.swift; sourceTree = "<group>"; };
		12EAA2DD2BE8C50400C0A1DB /* LocationManager.swift */ = {isa = PBXFileReference; lastKnownFileType = sourcecode.swift; path = LocationManager.swift; sourceTree = "<group>"; };
		12EEFB032BB05FF2003053AB /* SettingsScreen.swift */ = {isa = PBXFileReference; lastKnownFileType = sourcecode.swift; path = SettingsScreen.swift; sourceTree = "<group>"; };
/* End PBXFileReference section */

/* Begin PBXFrameworksBuildPhase section */
		1276E35B2B7ACD74002CBACB /* Frameworks */ = {
			isa = PBXFrameworksBuildPhase;
			buildActionMask = 2147483647;
			files = (
				12EEFB022BB05F61003053AB /* PythonKit in Frameworks */,
			);
			runOnlyForDeploymentPostprocessing = 0;
		};
		1295B2E02BF9D93A0053A4BC /* Frameworks */ = {
			isa = PBXFrameworksBuildPhase;
			buildActionMask = 2147483647;
			files = (
			);
			runOnlyForDeploymentPostprocessing = 0;
		};
/* End PBXFrameworksBuildPhase section */

/* Begin PBXGroup section */
		1217194E2BCC2BCA005F6C2C /* Database */ = {
			isa = PBXGroup;
			children = (
				1236025B2BD8E1A700A2C657 /* DatabaseSetUp.swift */,
			);
			path = Database;
			sourceTree = "<group>";
		};
		121BAD372BDF9C0C009E83A9 /* Frameworks */ = {
			isa = PBXGroup;
			children = (
			);
			name = Frameworks;
			sourceTree = "<group>";
		};
		123912FC2B95C51F009BD42C /* Common */ = {
			isa = PBXGroup;
			children = (
				123912FD2B95C53E009BD42C /* CustomTextField.swift */,
				12C3F7D12BB576C6008B43ED /* CustomBioData.swift */,
				121A50D82BBA401600198997 /* CustomTabView.swift */,
			);
			path = Common;
			sourceTree = "<group>";
		};
		1276E3552B7ACD74002CBACB = {
			isa = PBXGroup;
			children = (
				1276E3602B7ACD74002CBACB /* Asthmaguard */,
				1295B2E42BF9D93A0053A4BC /* AsthmaguardTests */,
				1276E35F2B7ACD74002CBACB /* Products */,
				121BAD372BDF9C0C009E83A9 /* Frameworks */,
			);
			sourceTree = "<group>";
		};
		1276E35F2B7ACD74002CBACB /* Products */ = {
			isa = PBXGroup;
			children = (
				1276E35E2B7ACD74002CBACB /* Asthmaguard.app */,
				1295B2E32BF9D93A0053A4BC /* AsthmaguardTests.xctest */,
			);
			name = Products;
			sourceTree = "<group>";
		};
		1276E3602B7ACD74002CBACB /* Asthmaguard */ = {
			isa = PBXGroup;
			children = (
				1276E3612B7ACD74002CBACB /* AsthmaguardApp.swift */,
				1276E3632B7ACD74002CBACB /* ContentView.swift */,
				1276E36F2B7ACD87002CBACB /* Presentation */,
				1276E3722B7ACD99002CBACB /* Business */,
				1276E3702B7ACD8F002CBACB /* Data */,
				12E1EDEC2B95A9370016EDDE /* DataSource */,
				123912F52B95B339009BD42C /* Info.plist */,
				121BAD252BDF9709009E83A9 /* Asthmaguard.entitlements */,
				12DC71582BA30D5C002E7C9C /* Resources */,
				1276E3672B7ACD76002CBACB /* Preview Content */,
			);
			path = Asthmaguard;
			sourceTree = "<group>";
		};
		1276E3672B7ACD76002CBACB /* Preview Content */ = {
			isa = PBXGroup;
			children = (
				1276E3682B7ACD76002CBACB /* Preview Assets.xcassets */,
			);
			path = "Preview Content";
			sourceTree = "<group>";
		};
		1276E36F2B7ACD87002CBACB /* Presentation */ = {
			isa = PBXGroup;
			children = (
				123912FC2B95C51F009BD42C /* Common */,
				12E1EDF02B95AA890016EDDE /* ViewModels */,
				12E1EDE72B95A72A0016EDDE /* View */,
			);
			path = Presentation;
			sourceTree = "<group>";
		};
		1276E3702B7ACD8F002CBACB /* Data */ = {
			isa = PBXGroup;
			children = (
				12E1EDEE2B95A9870016EDDE /* Responses */,
				12E1EDEB2B95A9270016EDDE /* Models */,
				12E1EDE92B95A8FF0016EDDE /* Repos */,
			);
			path = Data;
			sourceTree = "<group>";
		};
		1276E3722B7ACD99002CBACB /* Business */ = {
			isa = PBXGroup;
			children = (
				12EAA2DD2BE8C50400C0A1DB /* LocationManager.swift */,
				12E1EDE82B95A73B0016EDDE /* Usecases */,
			);
			path = Business;
			sourceTree = "<group>";
		};
		1295B2E42BF9D93A0053A4BC /* AsthmaguardTests */ = {
			isa = PBXGroup;
			children = (
				1295B2E52BF9D93A0053A4BC /* AsthmaguardTests.swift */,
				1295B2EC2BF9DA250053A4BC /* AsthmaThreatCalculatorUseCaseTests.swift */,
				1295B2EE2BF9DAB00053A4BC /* HealthDataAnalyzerTests.swift */,
			);
			path = AsthmaguardTests;
			sourceTree = "<group>";
		};
		12BAFE252BA04231003E7980 /* Survey */ = {
			isa = PBXGroup;
			children = (
				12BAFE282BA0428E003E7980 /* SurveyModelClass.swift */,
				12BAFE272BA0428E003E7980 /* SurveyHelper.swift */,
			);
			path = Survey;
			sourceTree = "<group>";
		};
		12DC71582BA30D5C002E7C9C /* Resources */ = {
			isa = PBXGroup;
			children = (
				1276E3652B7ACD76002CBACB /* Assets.xcassets */,
				123912F12B95B0F9009BD42C /* Poppins-Bold.ttf */,
				123912EF2B95B0E3009BD42C /* Poppins-Regular.ttf */,
			);
			path = Resources;
			sourceTree = "<group>";
		};
		12E0B0932BF60FC4003E18D6 /* Companion */ = {
			isa = PBXGroup;
			children = (
				126FC2772BA2FFCC00BE1FDD /* CompanionRegisterScreen.swift */,
				12E0B08F2BF60EBE003E18D6 /* CompanionSettingScreen.swift */,
				12E0B08D2BF60E5E003E18D6 /* CompanionDashboardView.swift */,
				1295B2DB2BF944BF0053A4BC /* CompanionLoginScreen.swift */,
			);
			path = Companion;
			sourceTree = "<group>";
		};
		12E1EDE72B95A72A0016EDDE /* View */ = {
			isa = PBXGroup;
			children = (
				12E0B0932BF60FC4003E18D6 /* Companion */,
				1276E3752B7ACF56002CBACB /* LoginScreen.swift */,
				123912F82B95BFD8009BD42C /* RegisterScreen.swift */,
				12BAFE2C2BA042A7003E7980 /* SurveyScreen.swift */,
				12BAFE262BA0428E003E7980 /* SurveyView.swift */,
				126FC27B2BA30B1B00BE1FDD /* DashboardView.swift */,
				12EEFB032BB05FF2003053AB /* SettingsScreen.swift */,
				121A50D62BBA364500198997 /* BreathingExerciseScreen.swift */,
				12E0B0912BF60F89003E18D6 /* AnalyticsView.swift */,
			);
			path = View;
			sourceTree = "<group>";
		};
		12E1EDE82B95A73B0016EDDE /* Usecases */ = {
			isa = PBXGroup;
			children = (
				125DC0942BE85C6B0098BB1A /* AsthmaThreatCalculator.swift */,
				121BAD262BDF97E5009E83A9 /* BioSignalData.swift */,
				125DC0962BE868290098BB1A /* EnviromentalData.swift */,
				1267AC2D2BE8DFEB0051FA38 /* HealthDataAnalyzer.swift */,
				125D34032BF66ADD00057658 /* WeatherKitData.swift */,
			);
			path = Usecases;
			sourceTree = "<group>";
		};
		12E1EDE92B95A8FF0016EDDE /* Repos */ = {
			isa = PBXGroup;
			children = (
			);
			path = Repos;
			sourceTree = "<group>";
		};
		12E1EDEB2B95A9270016EDDE /* Models */ = {
			isa = PBXGroup;
			children = (
			);
			path = Models;
			sourceTree = "<group>";
		};
		12E1EDEC2B95A9370016EDDE /* DataSource */ = {
			isa = PBXGroup;
			children = (
				12E1EDEF2B95A9BD0016EDDE /* Endpoints */,
			);
			path = DataSource;
			sourceTree = "<group>";
		};
		12E1EDED2B95A9540016EDDE /* DataNetwork */ = {
			isa = PBXGroup;
			children = (
				123602592BD70CCF00A2C657 /* APIManager.swift */,
			);
			path = DataNetwork;
			sourceTree = "<group>";
		};
		12E1EDEE2B95A9870016EDDE /* Responses */ = {
			isa = PBXGroup;
			children = (
			);
			path = Responses;
			sourceTree = "<group>";
		};
		12E1EDEF2B95A9BD0016EDDE /* Endpoints */ = {
			isa = PBXGroup;
			children = (
				1217194E2BCC2BCA005F6C2C /* Database */,
				12E1EDED2B95A9540016EDDE /* DataNetwork */,
			);
			path = Endpoints;
			sourceTree = "<group>";
		};
		12E1EDF02B95AA890016EDDE /* ViewModels */ = {
			isa = PBXGroup;
			children = (
				12BAFE252BA04231003E7980 /* Survey */,
				1276E3732B7ACEE3002CBACB /* LoginViewModel.swift */,
				123912FA2B95C197009BD42C /* RegisterViewModel.swift */,
				126FC2792BA3002100BE1FDD /* CompanionRegisterViewModel.swift */,
				1295B2DD2BF946130053A4BC /* CompanionLoginViewModel.swift */,
			);
			path = ViewModels;
			sourceTree = "<group>";
		};
/* End PBXGroup section */

/* Begin PBXNativeTarget section */
		1276E35D2B7ACD74002CBACB /* Asthmaguard */ = {
			isa = PBXNativeTarget;
			buildConfigurationList = 1276E36C2B7ACD76002CBACB /* Build configuration list for PBXNativeTarget "Asthmaguard" */;
			buildPhases = (
				1276E35A2B7ACD74002CBACB /* Sources */,
				1276E35B2B7ACD74002CBACB /* Frameworks */,
				1276E35C2B7ACD74002CBACB /* Resources */,
			);
			buildRules = (
			);
			dependencies = (
			);
			name = Asthmaguard;
			packageProductDependencies = (
				12EEFB012BB05F61003053AB /* PythonKit */,
			);
			productName = Asthmaguard;
			productReference = 1276E35E2B7ACD74002CBACB /* Asthmaguard.app */;
			productType = "com.apple.product-type.application";
		};
		1295B2E22BF9D93A0053A4BC /* AsthmaguardTests */ = {
			isa = PBXNativeTarget;
			buildConfigurationList = 1295B2E92BF9D93A0053A4BC /* Build configuration list for PBXNativeTarget "AsthmaguardTests" */;
			buildPhases = (
				1295B2DF2BF9D93A0053A4BC /* Sources */,
				1295B2E02BF9D93A0053A4BC /* Frameworks */,
				1295B2E12BF9D93A0053A4BC /* Resources */,
			);
			buildRules = (
			);
			dependencies = (
				1295B2E82BF9D93A0053A4BC /* PBXTargetDependency */,
			);
			name = AsthmaguardTests;
			productName = AsthmaguardTests;
			productReference = 1295B2E32BF9D93A0053A4BC /* AsthmaguardTests.xctest */;
			productType = "com.apple.product-type.bundle.unit-test";
		};
/* End PBXNativeTarget section */

/* Begin PBXProject section */
		1276E3562B7ACD74002CBACB /* Project object */ = {
			isa = PBXProject;
			attributes = {
				BuildIndependentTargetsInParallel = 1;
				LastSwiftUpdateCheck = 1500;
				LastUpgradeCheck = 1420;
				TargetAttributes = {
					1276E35D2B7ACD74002CBACB = {
						CreatedOnToolsVersion = 14.2;
					};
					1295B2E22BF9D93A0053A4BC = {
						CreatedOnToolsVersion = 15.0;
						TestTargetID = 1276E35D2B7ACD74002CBACB;
					};
				};
			};
			buildConfigurationList = 1276E3592B7ACD74002CBACB /* Build configuration list for PBXProject "Asthmaguard" */;
			compatibilityVersion = "Xcode 14.0";
			developmentRegion = en;
			hasScannedForEncodings = 0;
			knownRegions = (
				en,
				Base,
			);
			mainGroup = 1276E3552B7ACD74002CBACB;
			packageReferences = (
				12EEFB002BB05F61003053AB /* XCRemoteSwiftPackageReference "PythonKit" */,
			);
			productRefGroup = 1276E35F2B7ACD74002CBACB /* Products */;
			projectDirPath = "";
			projectRoot = "";
			targets = (
				1276E35D2B7ACD74002CBACB /* Asthmaguard */,
				1295B2E22BF9D93A0053A4BC /* AsthmaguardTests */,
			);
		};
/* End PBXProject section */

/* Begin PBXResourcesBuildPhase section */
		1276E35C2B7ACD74002CBACB /* Resources */ = {
			isa = PBXResourcesBuildPhase;
			buildActionMask = 2147483647;
			files = (
				123912F02B95B0E3009BD42C /* Poppins-Regular.ttf in Resources */,
				1276E3692B7ACD76002CBACB /* Preview Assets.xcassets in Resources */,
				1276E3662B7ACD76002CBACB /* Assets.xcassets in Resources */,
				123912F22B95B0F9009BD42C /* Poppins-Bold.ttf in Resources */,
			);
			runOnlyForDeploymentPostprocessing = 0;
		};
		1295B2E12BF9D93A0053A4BC /* Resources */ = {
			isa = PBXResourcesBuildPhase;
			buildActionMask = 2147483647;
			files = (
			);
			runOnlyForDeploymentPostprocessing = 0;
		};
/* End PBXResourcesBuildPhase section */

/* Begin PBXSourcesBuildPhase section */
		1276E35A2B7ACD74002CBACB /* Sources */ = {
			isa = PBXSourcesBuildPhase;
			buildActionMask = 2147483647;
			files = (
				12C3F7D22BB576C6008B43ED /* CustomBioData.swift in Sources */,
				12EEFB042BB05FF3003053AB /* SettingsScreen.swift in Sources */,
				121A50D72BBA364500198997 /* BreathingExerciseScreen.swift in Sources */,
				1236025C2BD8E1A700A2C657 /* DatabaseSetUp.swift in Sources */,
				123912FE2B95C53E009BD42C /* CustomTextField.swift in Sources */,
				123912F92B95BFD8009BD42C /* RegisterScreen.swift in Sources */,
				12BAFE2B2BA0428E003E7980 /* SurveyModelClass.swift in Sources */,
				123912FB2B95C197009BD42C /* RegisterViewModel.swift in Sources */,
				1236025A2BD70CD000A2C657 /* APIManager.swift in Sources */,
				12BAFE2D2BA042A7003E7980 /* SurveyScreen.swift in Sources */,
				121BAD272BDF97E5009E83A9 /* BioSignalData.swift in Sources */,
				12EAA2DE2BE8C50400C0A1DB /* LocationManager.swift in Sources */,
				125D34042BF66ADD00057658 /* WeatherKitData.swift in Sources */,
				1267AC2E2BE8DFEB0051FA38 /* HealthDataAnalyzer.swift in Sources */,
				1295B2DC2BF944BF0053A4BC /* CompanionLoginScreen.swift in Sources */,
				1295B2DE2BF946130053A4BC /* CompanionLoginViewModel.swift in Sources */,
				1276E3642B7ACD74002CBACB /* ContentView.swift in Sources */,
				125DC0972BE868290098BB1A /* EnviromentalData.swift in Sources */,
				125DC0952BE85C6B0098BB1A /* AsthmaThreatCalculator.swift in Sources */,
				12E0B0922BF60F89003E18D6 /* AnalyticsView.swift in Sources */,
				126FC27C2BA30B1B00BE1FDD /* DashboardView.swift in Sources */,
				12E0B0902BF60EBE003E18D6 /* CompanionSettingScreen.swift in Sources */,
				12BAFE2A2BA0428E003E7980 /* SurveyHelper.swift in Sources */,
				121A50D92BBA401600198997 /* CustomTabView.swift in Sources */,
				12E0B08E2BF60E5E003E18D6 /* CompanionDashboardView.swift in Sources */,
				12BAFE292BA0428E003E7980 /* SurveyView.swift in Sources */,
				1276E3762B7ACF56002CBACB /* LoginScreen.swift in Sources */,
				126FC27A2BA3002100BE1FDD /* CompanionRegisterViewModel.swift in Sources */,
				126FC2782BA2FFCC00BE1FDD /* CompanionRegisterScreen.swift in Sources */,
				1276E3742B7ACEE3002CBACB /* LoginViewModel.swift in Sources */,
				1276E3622B7ACD74002CBACB /* AsthmaguardApp.swift in Sources */,
			);
			runOnlyForDeploymentPostprocessing = 0;
		};
		1295B2DF2BF9D93A0053A4BC /* Sources */ = {
			isa = PBXSourcesBuildPhase;
			buildActionMask = 2147483647;
			files = (
				1295B2E62BF9D93A0053A4BC /* AsthmaguardTests.swift in Sources */,
				1295B2ED2BF9DA250053A4BC /* AsthmaThreatCalculatorUseCaseTests.swift in Sources */,
				1295B2EF2BF9DAB00053A4BC /* HealthDataAnalyzerTests.swift in Sources */,
			);
			runOnlyForDeploymentPostprocessing = 0;
		};
/* End PBXSourcesBuildPhase section */

/* Begin PBXTargetDependency section */
		1295B2E82BF9D93A0053A4BC /* PBXTargetDependency */ = {
			isa = PBXTargetDependency;
			target = 1276E35D2B7ACD74002CBACB /* Asthmaguard */;
			targetProxy = 1295B2E72BF9D93A0053A4BC /* PBXContainerItemProxy */;
		};
/* End PBXTargetDependency section */

/* Begin XCBuildConfiguration section */
		1276E36A2B7ACD76002CBACB /* Debug */ = {
			isa = XCBuildConfiguration;
			buildSettings = {
				ALWAYS_SEARCH_USER_PATHS = NO;
				CLANG_ANALYZER_NONNULL = YES;
				CLANG_ANALYZER_NUMBER_OBJECT_CONVERSION = YES_AGGRESSIVE;
				CLANG_CXX_LANGUAGE_STANDARD = "gnu++20";
				CLANG_ENABLE_MODULES = YES;
				CLANG_ENABLE_OBJC_ARC = YES;
				CLANG_ENABLE_OBJC_WEAK = YES;
				CLANG_WARN_BLOCK_CAPTURE_AUTORELEASING = YES;
				CLANG_WARN_BOOL_CONVERSION = YES;
				CLANG_WARN_COMMA = YES;
				CLANG_WARN_CONSTANT_CONVERSION = YES;
				CLANG_WARN_DEPRECATED_OBJC_IMPLEMENTATIONS = YES;
				CLANG_WARN_DIRECT_OBJC_ISA_USAGE = YES_ERROR;
				CLANG_WARN_DOCUMENTATION_COMMENTS = YES;
				CLANG_WARN_EMPTY_BODY = YES;
				CLANG_WARN_ENUM_CONVERSION = YES;
				CLANG_WARN_INFINITE_RECURSION = YES;
				CLANG_WARN_INT_CONVERSION = YES;
				CLANG_WARN_NON_LITERAL_NULL_CONVERSION = YES;
				CLANG_WARN_OBJC_IMPLICIT_RETAIN_SELF = YES;
				CLANG_WARN_OBJC_LITERAL_CONVERSION = YES;
				CLANG_WARN_OBJC_ROOT_CLASS = YES_ERROR;
				CLANG_WARN_QUOTED_INCLUDE_IN_FRAMEWORK_HEADER = YES;
				CLANG_WARN_RANGE_LOOP_ANALYSIS = YES;
				CLANG_WARN_STRICT_PROTOTYPES = YES;
				CLANG_WARN_SUSPICIOUS_MOVE = YES;
				CLANG_WARN_UNGUARDED_AVAILABILITY = YES_AGGRESSIVE;
				CLANG_WARN_UNREACHABLE_CODE = YES;
				CLANG_WARN__DUPLICATE_METHOD_MATCH = YES;
				COPY_PHASE_STRIP = NO;
				DEBUG_INFORMATION_FORMAT = dwarf;
				ENABLE_STRICT_OBJC_MSGSEND = YES;
				ENABLE_TESTABILITY = YES;
				GCC_C_LANGUAGE_STANDARD = gnu11;
				GCC_DYNAMIC_NO_PIC = NO;
				GCC_NO_COMMON_BLOCKS = YES;
				GCC_OPTIMIZATION_LEVEL = 0;
				GCC_PREPROCESSOR_DEFINITIONS = (
					"DEBUG=1",
					"$(inherited)",
				);
				GCC_WARN_64_TO_32_BIT_CONVERSION = YES;
				GCC_WARN_ABOUT_RETURN_TYPE = YES_ERROR;
				GCC_WARN_UNDECLARED_SELECTOR = YES;
				GCC_WARN_UNINITIALIZED_AUTOS = YES_AGGRESSIVE;
				GCC_WARN_UNUSED_FUNCTION = YES;
				GCC_WARN_UNUSED_VARIABLE = YES;
				IPHONEOS_DEPLOYMENT_TARGET = 17.0;
				MTL_ENABLE_DEBUG_INFO = INCLUDE_SOURCE;
				MTL_FAST_MATH = YES;
				ONLY_ACTIVE_ARCH = YES;
				SDKROOT = iphoneos;
				SWIFT_ACTIVE_COMPILATION_CONDITIONS = DEBUG;
				SWIFT_OPTIMIZATION_LEVEL = "-Onone";
			};
			name = Debug;
		};
		1276E36B2B7ACD76002CBACB /* Release */ = {
			isa = XCBuildConfiguration;
			buildSettings = {
				ALWAYS_SEARCH_USER_PATHS = NO;
				CLANG_ANALYZER_NONNULL = YES;
				CLANG_ANALYZER_NUMBER_OBJECT_CONVERSION = YES_AGGRESSIVE;
				CLANG_CXX_LANGUAGE_STANDARD = "gnu++20";
				CLANG_ENABLE_MODULES = YES;
				CLANG_ENABLE_OBJC_ARC = YES;
				CLANG_ENABLE_OBJC_WEAK = YES;
				CLANG_WARN_BLOCK_CAPTURE_AUTORELEASING = YES;
				CLANG_WARN_BOOL_CONVERSION = YES;
				CLANG_WARN_COMMA = YES;
				CLANG_WARN_CONSTANT_CONVERSION = YES;
				CLANG_WARN_DEPRECATED_OBJC_IMPLEMENTATIONS = YES;
				CLANG_WARN_DIRECT_OBJC_ISA_USAGE = YES_ERROR;
				CLANG_WARN_DOCUMENTATION_COMMENTS = YES;
				CLANG_WARN_EMPTY_BODY = YES;
				CLANG_WARN_ENUM_CONVERSION = YES;
				CLANG_WARN_INFINITE_RECURSION = YES;
				CLANG_WARN_INT_CONVERSION = YES;
				CLANG_WARN_NON_LITERAL_NULL_CONVERSION = YES;
				CLANG_WARN_OBJC_IMPLICIT_RETAIN_SELF = YES;
				CLANG_WARN_OBJC_LITERAL_CONVERSION = YES;
				CLANG_WARN_OBJC_ROOT_CLASS = YES_ERROR;
				CLANG_WARN_QUOTED_INCLUDE_IN_FRAMEWORK_HEADER = YES;
				CLANG_WARN_RANGE_LOOP_ANALYSIS = YES;
				CLANG_WARN_STRICT_PROTOTYPES = YES;
				CLANG_WARN_SUSPICIOUS_MOVE = YES;
				CLANG_WARN_UNGUARDED_AVAILABILITY = YES_AGGRESSIVE;
				CLANG_WARN_UNREACHABLE_CODE = YES;
				CLANG_WARN__DUPLICATE_METHOD_MATCH = YES;
				COPY_PHASE_STRIP = NO;
				DEBUG_INFORMATION_FORMAT = "dwarf-with-dsym";
				ENABLE_NS_ASSERTIONS = NO;
				ENABLE_STRICT_OBJC_MSGSEND = YES;
				GCC_C_LANGUAGE_STANDARD = gnu11;
				GCC_NO_COMMON_BLOCKS = YES;
				GCC_WARN_64_TO_32_BIT_CONVERSION = YES;
				GCC_WARN_ABOUT_RETURN_TYPE = YES_ERROR;
				GCC_WARN_UNDECLARED_SELECTOR = YES;
				GCC_WARN_UNINITIALIZED_AUTOS = YES_AGGRESSIVE;
				GCC_WARN_UNUSED_FUNCTION = YES;
				GCC_WARN_UNUSED_VARIABLE = YES;
				IPHONEOS_DEPLOYMENT_TARGET = 17.0;
				MTL_ENABLE_DEBUG_INFO = NO;
				MTL_FAST_MATH = YES;
				SDKROOT = iphoneos;
				SWIFT_COMPILATION_MODE = wholemodule;
				SWIFT_OPTIMIZATION_LEVEL = "-O";
				VALIDATE_PRODUCT = YES;
			};
			name = Release;
		};
		1276E36D2B7ACD76002CBACB /* Debug */ = {
			isa = XCBuildConfiguration;
			buildSettings = {
				ASSETCATALOG_COMPILER_APPICON_NAME = AppIcon;
				ASSETCATALOG_COMPILER_GLOBAL_ACCENT_COLOR_NAME = AccentColor;
				CODE_SIGN_ENTITLEMENTS = Asthmaguard/Asthmaguard.entitlements;
				CODE_SIGN_STYLE = Automatic;
				CURRENT_PROJECT_VERSION = 1;
				DEVELOPMENT_ASSET_PATHS = "\"Asthmaguard/Preview Content\"";
				DEVELOPMENT_TEAM = PW6U8F3M2Z;
				ENABLE_PREVIEWS = YES;
				GENERATE_INFOPLIST_FILE = YES;
				INFOPLIST_FILE = Asthmaguard/Info.plist;
				INFOPLIST_KEY_UIApplicationSceneManifest_Generation = YES;
				INFOPLIST_KEY_UIApplicationSupportsIndirectInputEvents = YES;
				INFOPLIST_KEY_UILaunchScreen_Generation = YES;
				INFOPLIST_KEY_UISupportedInterfaceOrientations_iPad = "UIInterfaceOrientationPortrait UIInterfaceOrientationPortraitUpsideDown UIInterfaceOrientationLandscapeLeft UIInterfaceOrientationLandscapeRight";
				INFOPLIST_KEY_UISupportedInterfaceOrientations_iPhone = "UIInterfaceOrientationPortrait UIInterfaceOrientationLandscapeLeft UIInterfaceOrientationLandscapeRight";
				IPHONEOS_DEPLOYMENT_TARGET = 17.0;
				LD_RUNPATH_SEARCH_PATHS = (
					"$(inherited)",
					"@executable_path/Frameworks",
				);
				MARKETING_VERSION = 1.0;
				PRODUCT_BUNDLE_IDENTIFIER = sadlye.Asthmaguard;
				PRODUCT_NAME = "$(TARGET_NAME)";
				SWIFT_EMIT_LOC_STRINGS = YES;
				SWIFT_VERSION = 5.0;
				TARGETED_DEVICE_FAMILY = "1,2";
			};
			name = Debug;
		};
		1276E36E2B7ACD76002CBACB /* Release */ = {
			isa = XCBuildConfiguration;
			buildSettings = {
				ASSETCATALOG_COMPILER_APPICON_NAME = AppIcon;
				ASSETCATALOG_COMPILER_GLOBAL_ACCENT_COLOR_NAME = AccentColor;
				CODE_SIGN_ENTITLEMENTS = Asthmaguard/Asthmaguard.entitlements;
				CODE_SIGN_STYLE = Automatic;
				CURRENT_PROJECT_VERSION = 1;
				DEVELOPMENT_ASSET_PATHS = "\"Asthmaguard/Preview Content\"";
				DEVELOPMENT_TEAM = PW6U8F3M2Z;
				ENABLE_PREVIEWS = YES;
				GENERATE_INFOPLIST_FILE = YES;
				INFOPLIST_FILE = Asthmaguard/Info.plist;
				INFOPLIST_KEY_UIApplicationSceneManifest_Generation = YES;
				INFOPLIST_KEY_UIApplicationSupportsIndirectInputEvents = YES;
				INFOPLIST_KEY_UILaunchScreen_Generation = YES;
				INFOPLIST_KEY_UISupportedInterfaceOrientations_iPad = "UIInterfaceOrientationPortrait UIInterfaceOrientationPortraitUpsideDown UIInterfaceOrientationLandscapeLeft UIInterfaceOrientationLandscapeRight";
				INFOPLIST_KEY_UISupportedInterfaceOrientations_iPhone = "UIInterfaceOrientationPortrait UIInterfaceOrientationLandscapeLeft UIInterfaceOrientationLandscapeRight";
				IPHONEOS_DEPLOYMENT_TARGET = 17.0;
				LD_RUNPATH_SEARCH_PATHS = (
					"$(inherited)",
					"@executable_path/Frameworks",
				);
				MARKETING_VERSION = 1.0;
				PRODUCT_BUNDLE_IDENTIFIER = sadlye.Asthmaguard;
				PRODUCT_NAME = "$(TARGET_NAME)";
				SWIFT_EMIT_LOC_STRINGS = YES;
				SWIFT_VERSION = 5.0;
				TARGETED_DEVICE_FAMILY = "1,2";
			};
			name = Release;
		};
		1295B2EA2BF9D93A0053A4BC /* Debug */ = {
			isa = XCBuildConfiguration;
			buildSettings = {
				ASSETCATALOG_COMPILER_GENERATE_SWIFT_ASSET_SYMBOL_EXTENSIONS = YES;
				BUNDLE_LOADER = "$(TEST_HOST)";
				CODE_SIGN_STYLE = Automatic;
				CURRENT_PROJECT_VERSION = 1;
				DEVELOPMENT_TEAM = PW6U8F3M2Z;
				ENABLE_USER_SCRIPT_SANDBOXING = YES;
				GCC_C_LANGUAGE_STANDARD = gnu17;
				GENERATE_INFOPLIST_FILE = YES;
				LOCALIZATION_PREFERS_STRING_CATALOGS = YES;
				MARKETING_VERSION = 1.0;
				PRODUCT_BUNDLE_IDENTIFIER = sadlye.AsthmaguardTests;
				PRODUCT_NAME = "$(TARGET_NAME)";
				SWIFT_ACTIVE_COMPILATION_CONDITIONS = "DEBUG $(inherited)";
				SWIFT_EMIT_LOC_STRINGS = NO;
				SWIFT_VERSION = 5.0;
				TARGETED_DEVICE_FAMILY = "1,2";
				TEST_HOST = "$(BUILT_PRODUCTS_DIR)/Asthmaguard.app/$(BUNDLE_EXECUTABLE_FOLDER_PATH)/Asthmaguard";
			};
			name = Debug;
		};
		1295B2EB2BF9D93A0053A4BC /* Release */ = {
			isa = XCBuildConfiguration;
			buildSettings = {
				ASSETCATALOG_COMPILER_GENERATE_SWIFT_ASSET_SYMBOL_EXTENSIONS = YES;
				BUNDLE_LOADER = "$(TEST_HOST)";
				CODE_SIGN_STYLE = Automatic;
				CURRENT_PROJECT_VERSION = 1;
				DEVELOPMENT_TEAM = PW6U8F3M2Z;
				ENABLE_USER_SCRIPT_SANDBOXING = YES;
				GCC_C_LANGUAGE_STANDARD = gnu17;
				GENERATE_INFOPLIST_FILE = YES;
				LOCALIZATION_PREFERS_STRING_CATALOGS = YES;
				MARKETING_VERSION = 1.0;
				PRODUCT_BUNDLE_IDENTIFIER = sadlye.AsthmaguardTests;
				PRODUCT_NAME = "$(TARGET_NAME)";
				SWIFT_EMIT_LOC_STRINGS = NO;
				SWIFT_VERSION = 5.0;
				TARGETED_DEVICE_FAMILY = "1,2";
				TEST_HOST = "$(BUILT_PRODUCTS_DIR)/Asthmaguard.app/$(BUNDLE_EXECUTABLE_FOLDER_PATH)/Asthmaguard";
			};
			name = Release;
		};
/* End XCBuildConfiguration section */

/* Begin XCConfigurationList section */
		1276E3592B7ACD74002CBACB /* Build configuration list for PBXProject "Asthmaguard" */ = {
			isa = XCConfigurationList;
			buildConfigurations = (
				1276E36A2B7ACD76002CBACB /* Debug */,
				1276E36B2B7ACD76002CBACB /* Release */,
			);
			defaultConfigurationIsVisible = 0;
			defaultConfigurationName = Release;
		};
		1276E36C2B7ACD76002CBACB /* Build configuration list for PBXNativeTarget "Asthmaguard" */ = {
			isa = XCConfigurationList;
			buildConfigurations = (
				1276E36D2B7ACD76002CBACB /* Debug */,
				1276E36E2B7ACD76002CBACB /* Release */,
			);
			defaultConfigurationIsVisible = 0;
			defaultConfigurationName = Release;
		};
		1295B2E92BF9D93A0053A4BC /* Build configuration list for PBXNativeTarget "AsthmaguardTests" */ = {
			isa = XCConfigurationList;
			buildConfigurations = (
				1295B2EA2BF9D93A0053A4BC /* Debug */,
				1295B2EB2BF9D93A0053A4BC /* Release */,
			);
			defaultConfigurationIsVisible = 0;
			defaultConfigurationName = Release;
		};
/* End XCConfigurationList section */

/* Begin XCRemoteSwiftPackageReference section */
		12EEFB002BB05F61003053AB /* XCRemoteSwiftPackageReference "PythonKit" */ = {
			isa = XCRemoteSwiftPackageReference;
			repositoryURL = "https://github.com/pvieito/PythonKit";
			requirement = {
				branch = master;
				kind = branch;
			};
		};
/* End XCRemoteSwiftPackageReference section */

/* Begin XCSwiftPackageProductDependency section */
		12EEFB012BB05F61003053AB /* PythonKit */ = {
			isa = XCSwiftPackageProductDependency;
			package = 12EEFB002BB05F61003053AB /* XCRemoteSwiftPackageReference "PythonKit" */;
			productName = PythonKit;
		};
/* End XCSwiftPackageProductDependency section */
	};
	rootObject = 1276E3562B7ACD74002CBACB /* Project object */;
}
